%{"flow": {:hex, :flow, "0.11.0", "6ca9a05f33e3df10bc2ab847ad470523d3a01673456049a60110467d2f31bd58", [:mix], [{:gen_stage, "~> 0.11.0", [hex: :gen_stage, optional: false]}]},
  "gen_stage": {:hex, :gen_stage, "0.11.0", "943bdfa85c75fa624e0a36a9d135baad20a523be040178f5a215444b45c66ea4", [:mix], []},
  "nimble_csv": {:hex, :nimble_csv, "0.1.1", "15b20120cba14f25c33a85a2ae41413e4aa9d2f6cf24b09e9befb9fc2a8a8013", [:mix], []}}
